# THIS IS AN AUTOGENERATED FILE. DO NOT EDIT THIS FILE DIRECTLY.
# yarn lockfile v1


"@types/node-dht-sensor@^0.4.0":
  version "0.4.0"
  resolved "https://registry.yarnpkg.com/@types/node-dht-sensor/-/node-dht-sensor-0.4.0.tgz#1b347c2787f7e3fea926931169891949faaec08a"
  integrity sha512-eCT7SZFaxKK8HRPn8W4dE8fD/ysO2rM4rkVySwVsVkWOv6co30IvDvnwmFey41zhA4LT8FOZybsUd5GWwGOXeA==
  dependencies:
    "@types/node" "*"

"@types/node@*", "@types/node@^17.0.35":
  version "17.0.35"
  resolved "https://registry.yarnpkg.com/@types/node/-/node-17.0.35.tgz#635b7586086d51fb40de0a2ec9d1014a5283ba4a"
  integrity sha512-vu1SrqBjbbZ3J6vwY17jBs8Sr/BKA+/a/WtjRG+whKg1iuLFOosq872EXS0eXWILdO36DHQQeku/ZcL6hz2fpg==

node-addon-api@^1.6.3:
  version "1.7.2"
  resolved "https://registry.yarnpkg.com/node-addon-api/-/node-addon-api-1.7.2.tgz#3df30b95720b53c24e59948b49532b662444f54d"
  integrity sha512-ibPK3iA+vaY1eEjESkQkM0BbCqFOaZMiXRTtdB0u7b4djtY6JnsjvPdUHVMg6xQt3B8fpTTWHI9A+ADjM9frzg==

node-dht-sensor@^0.4.3:
  version "0.4.3"
  resolved "https://registry.yarnpkg.com/node-dht-sensor/-/node-dht-sensor-0.4.3.tgz#8f55bcab82836b4622c3cbd261f99b7bd576225b"
  integrity sha512-DMJO6UjWiDF3WP0qAgzPXDAAMAT0VVedFbtCUU/jynIRPO2Sa+2zwA3d7ySriha87Tccd4e+kiJoOxSc9BkSKw==
  dependencies:
    node-addon-api "^1.6.3"

typescript@^4.6.4:
  version "4.6.4"
  resolved "https://registry.yarnpkg.com/typescript/-/typescript-4.6.4.tgz#caa78bbc3a59e6a5c510d35703f6a09877ce45e9"
  integrity sha512-9ia/jWHIEbo49HfjrLGfKbZSuWo9iTMwXO+Ca3pRsSpbsMbc7/IU8NKdCZVRRBafVPGnoJeFL76ZOAA84I9fEg==
